<?xml version="1.0" encoding="UTF-8" standalone="yes" ?>
<CodeBlocks_project_file>
	<FileVersion major="1" minor="6" />
	<Project>
		<Option title="Ragrelark" />
		<Option pch_mode="2" />
		<Option compiler="gcc" />
		<Option virtualFolders="data/;data/maps/;code/;code/classes/;code/classes/Attributes &amp; Formulas/;code/main/;code/classes/Places/;code/utility/;data/items/;code/main/loading/;code/main/graphics/;code/main/main main/;code/classes/Mobs/;code/classes/Generation/;data/tiles/;code/classes/Graphics/;code/main/activity/;code/classes/Items/;code/classes/Items/Folders/;data/mobs/;" />
		<Build>
			<Target title="Debug">
				<Option output="bin/Debug/Ragrelark" prefix_auto="1" extension_auto="1" />
				<Option object_output="obj/Debug/" />
				<Option type="1" />
				<Option compiler="gcc" />
				<Compiler>
					<Add option="-std=c++0x" />
					<Add option="-Wall" />
					<Add option="-g" />
					<Add directory="src" />
					<Add directory="include" />
					<Add directory="../Ragrelark" />
					<Add directory="resources" />
					<Add directory="data" />
					<Add directory="util" />
					<Add directory="main" />
					<Add directory="depenencies" />
				</Compiler>
				<Linker>
					<Add library="GL" />
					<Add library="GLU" />
					<Add library="SDLmain" />
					<Add library="SDL" />
					<Add library="SDL_image" />
					<Add library="fov" />
					<Add library="X11" />
				</Linker>
			</Target>
			<Target title="Release">
				<Option output="Ragrelark" prefix_auto="1" extension_auto="1" />
				<Option object_output="obj/Release/" />
				<Option type="1" />
				<Option compiler="gcc" />
				<Compiler>
					<Add option="-O2" />
					<Add option="-std=c++0x" />
					<Add directory="src" />
					<Add directory="include" />
					<Add directory="../Ragrelark" />
					<Add directory="resources" />
					<Add directory="data" />
					<Add directory="util" />
					<Add directory="main" />
					<Add directory="depenencies" />
				</Compiler>
				<Linker>
					<Add option="-s" />
					<Add library="GL" />
					<Add library="SDLmain" />
					<Add library="SDL" />
					<Add library="SDL_image" />
					<Add library="fov" />
					<Add library="GLU" />
					<Add library="X11" />
				</Linker>
			</Target>
			<Target title="Test">
				<Option output="bin/Test/Ragrelark" prefix_auto="1" extension_auto="1" />
				<Option object_output="obj/Test/" />
				<Option type="1" />
				<Option compiler="gcc" />
				<Compiler>
					<Add option="-std=c++0x" />
					<Add directory="src" />
					<Add directory="include" />
					<Add directory="../Ragrelark" />
					<Add directory="resources" />
					<Add directory="data" />
				</Compiler>
			</Target>
		</Build>
		<Compiler>
			<Add option="-Wall" />
		</Compiler>
		<Unit filename="data/armor.rag">
			<Option virtualFolder="data/items/" />
		</Unit>
		<Unit filename="data/base.rag">
			<Option virtualFolder="data/" />
		</Unit>
		<Unit filename="data/books.rag">
			<Option virtualFolder="data/items/" />
		</Unit>
		<Unit filename="data/coins.rag">
			<Option virtualFolder="data/items/" />
		</Unit>
		<Unit filename="data/dungeontiles.rag">
			<Option virtualFolder="data/tiles/" />
		</Unit>
		<Unit filename="data/extraitems.rag">
			<Option virtualFolder="data/items/" />
		</Unit>
		<Unit filename="data/food.rag">
			<Option virtualFolder="data/items/" />
		</Unit>
		<Unit filename="data/formulas.rag">
			<Option virtualFolder="data/" />
		</Unit>
		<Unit filename="data/humanoids.rag">
			<Option virtualFolder="data/mobs/" />
		</Unit>
		<Unit filename="data/items.rag">
			<Option virtualFolder="data/items/" />
		</Unit>
		<Unit filename="data/jewlery.rag">
			<Option virtualFolder="data/items/" />
		</Unit>
		<Unit filename="data/maps2.rag">
			<Option virtualFolder="data/maps/" />
		</Unit>
		<Unit filename="data/maptiles.rag">
			<Option virtualFolder="data/tiles/" />
		</Unit>
		<Unit filename="data/mobspaw.rag">
			<Option virtualFolder="data/mobs/" />
		</Unit>
		<Unit filename="data/moreitems.rag">
			<Option virtualFolder="data/items/" />
		</Unit>
		<Unit filename="data/plaintiles.rag">
			<Option virtualFolder="data/tiles/" />
		</Unit>
		<Unit filename="data/spells.rag">
			<Option virtualFolder="data/" />
			<Option target="Debug" />
			<Option target="Release" />
		</Unit>
		<Unit filename="data/swarmers.rag">
			<Option virtualFolder="data/mobs/" />
			<Option target="Debug" />
			<Option target="Release" />
		</Unit>
		<Unit filename="data/treetiles.rag">
			<Option virtualFolder="data/tiles/" />
		</Unit>
		<Unit filename="data/units.rag">
			<Option virtualFolder="data/mobs/" />
		</Unit>
		<Unit filename="data/weapons.rag">
			<Option virtualFolder="data/items/" />
		</Unit>
		<Unit filename="depenencies/base64/base64.cpp">
			<Option virtualFolder="code/utility/" />
		</Unit>
		<Unit filename="depenencies/base64/base64.h">
			<Option virtualFolder="code/utility/" />
		</Unit>
		<Unit filename="depenencies/tinyxml2/tinyxml2.cpp">
			<Option virtualFolder="code/utility/" />
		</Unit>
		<Unit filename="depenencies/tinyxml2/tinyxml2.h">
			<Option virtualFolder="code/utility/" />
		</Unit>
		<Unit filename="include/Ability.h">
			<Option virtualFolder="code/classes/Mobs/" />
			<Option target="Debug" />
			<Option target="Release" />
		</Unit>
		<Unit filename="include/Area.h">
			<Option virtualFolder="code/classes/Places/" />
			<Option target="Debug" />
			<Option target="Release" />
		</Unit>
		<Unit filename="include/BagFolder.h">
			<Option virtualFolder="code/classes/Items/Folders/" />
			<Option target="Debug" />
			<Option target="Release" />
		</Unit>
		<Unit filename="include/Blobber.h">
			<Option virtualFolder="code/classes/Generation/" />
		</Unit>
		<Unit filename="include/Color.h">
			<Option virtualFolder="code/classes/Graphics/" />
		</Unit>
		<Unit filename="include/Coord.h">
			<Option virtualFolder="code/utility/" />
		</Unit>
		<Unit filename="include/DungeonStack.h">
			<Option virtualFolder="code/classes/Places/" />
			<Option target="Debug" />
			<Option target="Release" />
		</Unit>
		<Unit filename="include/EnemyEquipStatHolder.h">
			<Option virtualFolder="code/classes/Attributes &amp; Formulas/" />
			<Option target="Debug" />
			<Option target="Release" />
		</Unit>
		<Unit filename="include/EnvironmentManager.h">
			<Option virtualFolder="code/classes/Places/" />
			<Option target="Debug" />
			<Option target="Release" />
		</Unit>
		<Unit filename="include/EquipmentFolder.h">
			<Option virtualFolder="code/classes/Items/Folders/" />
			<Option target="Debug" />
			<Option target="Release" />
		</Unit>
		<Unit filename="include/Formula.h">
			<Option virtualFolder="code/classes/Attributes &amp; Formulas/" />
			<Option target="Debug" />
			<Option target="Release" />
		</Unit>
		<Unit filename="include/FormulaUser.h">
			<Option virtualFolder="code/classes/Attributes &amp; Formulas/" />
			<Option target="Debug" />
			<Option target="Release" />
		</Unit>
		<Unit filename="include/Generator.h">
			<Option virtualFolder="code/classes/Generation/" />
			<Option target="Debug" />
			<Option target="Release" />
		</Unit>
		<Unit filename="include/GroundFolder.h">
			<Option virtualFolder="code/classes/Items/Folders/" />
			<Option target="Debug" />
			<Option target="Release" />
		</Unit>
		<Unit filename="include/Item.h">
			<Option virtualFolder="code/classes/Items/" />
			<Option target="Debug" />
			<Option target="Release" />
		</Unit>
		<Unit filename="include/ItemFolder.h">
			<Option virtualFolder="code/classes/Items/Folders/" />
			<Option target="Debug" />
			<Option target="Release" />
		</Unit>
		<Unit filename="include/ItemType.h">
			<Option virtualFolder="code/classes/Items/" />
			<Option target="Debug" />
			<Option target="Release" />
		</Unit>
		<Unit filename="include/Location.h">
			<Option virtualFolder="code/classes/Places/" />
			<Option target="Debug" />
			<Option target="Release" />
		</Unit>
		<Unit filename="include/MobEquipSet.h">
			<Option virtualFolder="code/classes/Mobs/" />
			<Option target="Debug" />
			<Option target="Release" />
		</Unit>
		<Unit filename="include/MobSpawner.h">
			<Option virtualFolder="code/classes/Generation/" />
			<Option target="Debug" />
			<Option target="Release" />
		</Unit>
		<Unit filename="include/Player.h">
			<Option virtualFolder="code/classes/Mobs/" />
			<Option target="Debug" />
			<Option target="Release" />
		</Unit>
		<Unit filename="include/PrimeFolder.h">
			<Option virtualFolder="code/classes/Items/Folders/" />
			<Option target="Debug" />
			<Option target="Release" />
		</Unit>
		<Unit filename="include/RagAnim.h">
			<Option virtualFolder="code/classes/Graphics/" />
			<Option target="Debug" />
			<Option target="Release" />
		</Unit>
		<Unit filename="include/RagDrawer.h">
			<Option virtualFolder="code/classes/Graphics/" />
			<Option target="Debug" />
			<Option target="Release" />
		</Unit>
		<Unit filename="include/RandItemType.h">
			<Option virtualFolder="code/classes/Items/" />
			<Option target="Debug" />
			<Option target="Release" />
		</Unit>
		<Unit filename="include/Stat.h">
			<Option virtualFolder="code/classes/Attributes &amp; Formulas/" />
			<Option target="Debug" />
			<Option target="Release" />
		</Unit>
		<Unit filename="include/StatHolder.h">
			<Option virtualFolder="code/classes/Attributes &amp; Formulas/" />
			<Option target="Debug" />
			<Option target="Release" />
		</Unit>
		<Unit filename="include/StatHolderIntef.h">
			<Option virtualFolder="code/classes/Attributes &amp; Formulas/" />
			<Option target="Debug" />
			<Option target="Release" />
		</Unit>
		<Unit filename="include/Swarmer.h">
			<Option virtualFolder="code/classes/Mobs/" />
			<Option target="Debug" />
			<Option target="Release" />
		</Unit>
		<Unit filename="include/Texture.h">
			<Option virtualFolder="code/classes/Graphics/" />
			<Option target="Debug" />
			<Option target="Release" />
		</Unit>
		<Unit filename="include/Tile.h">
			<Option virtualFolder="code/classes/Generation/" />
			<Option target="Debug" />
			<Option target="Release" />
		</Unit>
		<Unit filename="include/Unit.h">
			<Option virtualFolder="code/classes/Mobs/" />
			<Option target="Debug" />
			<Option target="Release" />
		</Unit>
		<Unit filename="include/World.h">
			<Option virtualFolder="code/classes/Places/" />
			<Option target="Debug" />
			<Option target="Release" />
		</Unit>
		<Unit filename="include/Zone.h">
			<Option virtualFolder="code/classes/Places/" />
			<Option target="Debug" />
			<Option target="Release" />
		</Unit>
		<Unit filename="main/Start.cpp">
			<Option virtualFolder="code/main/" />
			<Option target="Debug" />
			<Option target="Release" />
		</Unit>
		<Unit filename="main/Start.h">
			<Option virtualFolder="code/main/" />
			<Option target="Debug" />
			<Option target="Release" />
		</Unit>
		<Unit filename="main/abilities.cpp">
			<Option virtualFolder="code/main/activity/" />
			<Option target="Debug" />
			<Option target="Release" />
		</Unit>
		<Unit filename="main/cleaner.cpp">
			<Option virtualFolder="code/main/main main/" />
			<Option target="Debug" />
			<Option target="Release" />
		</Unit>
		<Unit filename="main/dataLoader.cpp">
			<Option virtualFolder="code/main/loading/" />
			<Option target="Debug" />
			<Option target="Release" />
		</Unit>
		<Unit filename="main/dataLoader.h">
			<Option virtualFolder="code/main/loading/" />
			<Option target="Debug" />
			<Option target="Release" />
		</Unit>
		<Unit filename="main/dataLoaderError.cpp">
			<Option virtualFolder="code/main/loading/" />
			<Option target="Debug" />
			<Option target="Release" />
		</Unit>
		<Unit filename="main/events.cpp">
			<Option virtualFolder="code/main/main main/" />
			<Option target="Debug" />
			<Option target="Release" />
		</Unit>
		<Unit filename="main/formulas.cpp">
			<Option virtualFolder="code/main/activity/" />
			<Option target="Debug" />
			<Option target="Release" />
		</Unit>
		<Unit filename="main/graphics.h">
			<Option virtualFolder="code/main/graphics/" />
			<Option target="Debug" />
			<Option target="Release" />
		</Unit>
		<Unit filename="main/logic.cpp">
			<Option virtualFolder="code/main/main main/" />
			<Option target="Debug" />
			<Option target="Release" />
		</Unit>
		<Unit filename="main/particles.cpp">
			<Option virtualFolder="code/main/graphics/" />
			<Option target="Debug" />
			<Option target="Release" />
		</Unit>
		<Unit filename="main/pather.cpp">
			<Option virtualFolder="code/main/activity/" />
			<Option target="Debug" />
			<Option target="Release" />
		</Unit>
		<Unit filename="main/renderer.cpp">
			<Option virtualFolder="code/main/graphics/" />
			<Option target="Debug" />
			<Option target="Release" />
		</Unit>
		<Unit filename="main/resourceLoader.cpp">
			<Option virtualFolder="code/main/loading/" />
			<Option target="Debug" />
			<Option target="Release" />
		</Unit>
		<Unit filename="main/test.cpp">
			<Option virtualFolder="code/main/main main/" />
			<Option target="Test" />
		</Unit>
		<Unit filename="main/tiledLoader.cpp">
			<Option virtualFolder="code/main/loading/" />
			<Option target="Debug" />
			<Option target="Release" />
		</Unit>
		<Unit filename="main/unitHandler.cpp">
			<Option virtualFolder="code/main/activity/" />
			<Option target="Debug" />
			<Option target="Release" />
		</Unit>
		<Unit filename="src/Ability.cpp">
			<Option virtualFolder="code/classes/Mobs/" />
			<Option target="Debug" />
			<Option target="Release" />
		</Unit>
		<Unit filename="src/Area.cpp">
			<Option virtualFolder="code/classes/Places/" />
			<Option target="Debug" />
			<Option target="Release" />
		</Unit>
		<Unit filename="src/BagFolder.cpp">
			<Option virtualFolder="code/classes/Items/Folders/" />
			<Option target="Debug" />
			<Option target="Release" />
		</Unit>
		<Unit filename="src/Blobber.cpp">
			<Option virtualFolder="code/classes/Generation/" />
		</Unit>
		<Unit filename="src/Color.cpp">
			<Option virtualFolder="code/classes/Graphics/" />
		</Unit>
		<Unit filename="src/Coord.cpp">
			<Option virtualFolder="code/utility/" />
		</Unit>
		<Unit filename="src/DungeonStack.cpp">
			<Option virtualFolder="code/classes/Places/" />
			<Option target="Debug" />
			<Option target="Release" />
		</Unit>
		<Unit filename="src/EnemyEquipStatHolder.cpp">
			<Option virtualFolder="code/classes/Attributes &amp; Formulas/" />
			<Option target="Debug" />
			<Option target="Release" />
		</Unit>
		<Unit filename="src/EnvironmentManager.cpp">
			<Option virtualFolder="code/classes/Places/" />
			<Option target="Debug" />
			<Option target="Release" />
		</Unit>
		<Unit filename="src/EquipmentFolder.cpp">
			<Option virtualFolder="code/classes/Items/Folders/" />
			<Option target="Debug" />
			<Option target="Release" />
		</Unit>
		<Unit filename="src/Formula.cpp">
			<Option virtualFolder="code/classes/Attributes &amp; Formulas/" />
			<Option target="Debug" />
			<Option target="Release" />
		</Unit>
		<Unit filename="src/FormulaUser.cpp">
			<Option virtualFolder="code/classes/Attributes &amp; Formulas/" />
			<Option target="Debug" />
			<Option target="Release" />
		</Unit>
		<Unit filename="src/Generator.cpp">
			<Option virtualFolder="code/classes/Generation/" />
			<Option target="Debug" />
			<Option target="Release" />
		</Unit>
		<Unit filename="src/GroundFolder.cpp">
			<Option virtualFolder="code/classes/Items/Folders/" />
			<Option target="Debug" />
			<Option target="Release" />
		</Unit>
		<Unit filename="src/Item.cpp">
			<Option virtualFolder="code/classes/Items/" />
			<Option target="Debug" />
			<Option target="Release" />
		</Unit>
		<Unit filename="src/ItemFolder.cpp">
			<Option virtualFolder="code/classes/Items/Folders/" />
			<Option target="Debug" />
			<Option target="Release" />
		</Unit>
		<Unit filename="src/ItemType.cpp">
			<Option virtualFolder="code/classes/Items/" />
			<Option target="Debug" />
			<Option target="Release" />
		</Unit>
		<Unit filename="src/Location.cpp">
			<Option virtualFolder="code/classes/Places/" />
			<Option target="Debug" />
			<Option target="Release" />
		</Unit>
		<Unit filename="src/MobEquipSet.cpp">
			<Option virtualFolder="code/classes/Mobs/" />
			<Option target="Debug" />
			<Option target="Release" />
		</Unit>
		<Unit filename="src/MobSpawner.cpp">
			<Option virtualFolder="code/classes/Generation/" />
			<Option target="Debug" />
			<Option target="Release" />
		</Unit>
		<Unit filename="src/Player.cpp">
			<Option virtualFolder="code/classes/Mobs/" />
			<Option target="Debug" />
			<Option target="Release" />
		</Unit>
		<Unit filename="src/PrimeFolder.cpp">
			<Option virtualFolder="code/classes/Items/Folders/" />
			<Option target="Debug" />
			<Option target="Release" />
		</Unit>
		<Unit filename="src/RagAnim.cpp">
			<Option virtualFolder="code/classes/Graphics/" />
			<Option target="Debug" />
			<Option target="Release" />
		</Unit>
		<Unit filename="src/RagDrawer.cpp">
			<Option virtualFolder="code/classes/Graphics/" />
			<Option target="Debug" />
			<Option target="Release" />
		</Unit>
		<Unit filename="src/RandItemType.cpp">
			<Option virtualFolder="code/classes/Items/" />
			<Option target="Debug" />
			<Option target="Release" />
		</Unit>
		<Unit filename="src/Stat.cpp">
			<Option virtualFolder="code/classes/Attributes &amp; Formulas/" />
			<Option target="Debug" />
			<Option target="Release" />
		</Unit>
		<Unit filename="src/StatHolder.cpp">
			<Option virtualFolder="code/classes/Attributes &amp; Formulas/" />
			<Option target="Debug" />
			<Option target="Release" />
		</Unit>
		<Unit filename="src/StatHolderIntef.cpp">
			<Option virtualFolder="code/classes/Attributes &amp; Formulas/" />
			<Option target="Debug" />
			<Option target="Release" />
		</Unit>
		<Unit filename="src/Swarmer.cpp">
			<Option virtualFolder="code/classes/Mobs/" />
			<Option target="Debug" />
			<Option target="Release" />
		</Unit>
		<Unit filename="src/Texture.cpp">
			<Option virtualFolder="code/classes/Graphics/" />
			<Option target="Debug" />
			<Option target="Release" />
		</Unit>
		<Unit filename="src/Tile.cpp">
			<Option virtualFolder="code/classes/Generation/" />
			<Option target="Debug" />
			<Option target="Release" />
		</Unit>
		<Unit filename="src/Unit.cpp">
			<Option virtualFolder="code/classes/Mobs/" />
			<Option target="Debug" />
			<Option target="Release" />
		</Unit>
		<Unit filename="src/World.cpp">
			<Option virtualFolder="code/classes/Places/" />
			<Option target="Debug" />
			<Option target="Release" />
		</Unit>
		<Unit filename="src/Zone.cpp">
			<Option virtualFolder="code/classes/Places/" />
			<Option target="Debug" />
			<Option target="Release" />
		</Unit>
		<Unit filename="util/usefulParsing.cpp">
			<Option virtualFolder="code/utility/" />
			<Option target="Debug" />
			<Option target="Release" />
		</Unit>
		<Unit filename="util/usefulParsing.h">
			<Option virtualFolder="code/utility/" />
			<Option target="Debug" />
			<Option target="Release" />
		</Unit>
		<Extensions>
			<code_completion />
			<debugger />
			<envvars />
		</Extensions>
	</Project>
</CodeBlocks_project_file>
